
Microsoft Visual Studio Solution File, Format Version 12.00
# Visual Studio Version 17
VisualStudioVersion = 17.8.34511.84
MinimumVisualStudioVersion = 10.0.40219.1
Project("{FAE04EC0-301F-11D3-BF4B-00C04F79EFBC}") = "DotNet8Authentication", "DotNet8Authentication.csproj", "{6B55BDD3-BBF4-47EC-88BE-5EA69E602C33}"
EndProject
Global
	GlobalSection(SolutionConfigurationPlatforms) = preSolution
		Debug|Any CPU = Debug|Any CPU
		Release|Any CPU = Release|Any CPU
	EndGlobalSection
	GlobalSection(ProjectConfigurationPlatforms) = postSolution
		{6B55BDD3-BBF4-47EC-88BE-5EA69E602C33}.Debug|Any CPU.ActiveCfg = Debug|Any CPU
		{6B55BDD3-BBF4-47EC-88BE-5EA69E602C33}.Debug|Any CPU.Build.0 = Debug|Any CPU
		{6B55BDD3-BBF4-47EC-88BE-5EA69E602C33}.Release|Any CPU.ActiveCfg = Release|Any CPU
		{6B55BDD3-BBF4-47EC-88BE-5EA69E602C33}.Release|Any CPU.Build.0 = Release|Any CPU
	EndGlobalSection
	GlobalSection(SolutionProperties) = preSolution
		HideSolutionNode = FALSE
	EndGlobalSection
	GlobalSection(ExtensibilityGlobals) = postSolution
		SolutionGuid = {F0EFE817-D75F-45A8-BE9C-95AAFE31BB10}
	EndGlobalSection
EndGlobal
